
Microsoft Visual Studio Solution File, Format Version 12.00
# Visual Studio 15
VisualStudioVersion = 15.0.26730.15
MinimumVisualStudioVersion = 10.0.40219.1
Project("{FAE04EC0-301F-11D3-BF4B-00C04F79EFBC}") = "Sinema Rezervasyon Otomasyonu", "Sinema Programı\Sinema Rezervasyon Otomasyonu.csproj", "{3ED70B39-18A6-41E2-9054-0A088FAD01C9}"
EndProject
Global
	GlobalSection(SolutionConfigurationPlatforms) = preSolution
		Debug|x86 = Debug|x86
		Release|x86 = Release|x86
	EndGlobalSection
	GlobalSection(ProjectConfigurationPlatforms) = postSolution
		{3ED70B39-18A6-41E2-9054-0A088FAD01C9}.Debug|x86.ActiveCfg = Debug|x86
		{3ED70B39-18A6-41E2-9054-0A088FAD01C9}.Debug|x86.Build.0 = Debug|x86
		{3ED70B39-18A6-41E2-9054-0A088FAD01C9}.Release|x86.ActiveCfg = Release|x86
		{3ED70B39-18A6-41E2-9054-0A088FAD01C9}.Release|x86.Build.0 = Release|x86
	EndGlobalSection
	GlobalSection(SolutionProperties) = preSolution
		HideSolutionNode = FALSE
	EndGlobalSection
	GlobalSection(ExtensibilityGlobals) = postSolution
		SolutionGuid = {BD77F936-B68D-4FB3-8C96-6468010497FB}
	EndGlobalSection
EndGlobal
